// !$*UTF8*$!
{
	archiveVersion = 1;
	classes = {
	};
	objectVersion = 50;
	objects = {

/* Begin PBXBuildFile section */
		3AA268C2AFB1422515828480 /* Pods_StarWarsApp.framework in Frameworks */ = {isa = PBXBuildFile; fileRef = 0F600662913D886B9B79BF26 /* Pods_StarWarsApp.framework */; };
		A9126F0D21D8E30E008403E5 /* FilmsViewController.swift in Sources */ = {isa = PBXBuildFile; fileRef = A9126F0C21D8E30E008403E5 /* FilmsViewController.swift */; };
		A9126F0F21D8EEEB008403E5 /* FilmsTableViewCell.swift in Sources */ = {isa = PBXBuildFile; fileRef = A9126F0E21D8EEEB008403E5 /* FilmsTableViewCell.swift */; };
		A9126F1121D91743008403E5 /* FilmsWebViewController.swift in Sources */ = {isa = PBXBuildFile; fileRef = A9126F1021D91743008403E5 /* FilmsWebViewController.swift */; };
		A979D12F21D69FE3008B0C91 /* AppDelegate.swift in Sources */ = {isa = PBXBuildFile; fileRef = A979D12E21D69FE3008B0C91 /* AppDelegate.swift */; };
		A979D13121D69FE3008B0C91 /* InitialViewController.swift in Sources */ = {isa = PBXBuildFile; fileRef = A979D13021D69FE3008B0C91 /* InitialViewController.swift */; };
		A979D13421D69FE3008B0C91 /* Main.storyboard in Resources */ = {isa = PBXBuildFile; fileRef = A979D13221D69FE3008B0C91 /* Main.storyboard */; };
		A979D13621D69FE9008B0C91 /* Assets.xcassets in Resources */ = {isa = PBXBuildFile; fileRef = A979D13521D69FE9008B0C91 /* Assets.xcassets */; };
		A979D13921D69FE9008B0C91 /* LaunchScreen.storyboard in Resources */ = {isa = PBXBuildFile; fileRef = A979D13721D69FE9008B0C91 /* LaunchScreen.storyboard */; };
		A9D6BD8D21D6A77D00C08CC7 /* WebServiceManager.swift in Sources */ = {isa = PBXBuildFile; fileRef = A9D6BD8C21D6A77D00C08CC7 /* WebServiceManager.swift */; };
		A9D6BD9021D6AB2600C08CC7 /* WebServiceRouter.swift in Sources */ = {isa = PBXBuildFile; fileRef = A9D6BD8F21D6AB2600C08CC7 /* WebServiceRouter.swift */; };
		A9D6BD9221D6C11300C08CC7 /* TypeRequests.swift in Sources */ = {isa = PBXBuildFile; fileRef = A9D6BD9121D6C11300C08CC7 /* TypeRequests.swift */; };
		A9E8639D21D8325B00FC63D3 /* DetailViewController.swift in Sources */ = {isa = PBXBuildFile; fileRef = A9E8639C21D8325B00FC63D3 /* DetailViewController.swift */; };
		A9FA983521D78266000BA3BB /* LoadingViewController.swift in Sources */ = {isa = PBXBuildFile; fileRef = A9FA983421D78266000BA3BB /* LoadingViewController.swift */; };
/* End PBXBuildFile section */

/* Begin PBXFileReference section */
		0F600662913D886B9B79BF26 /* Pods_StarWarsApp.framework */ = {isa = PBXFileReference; explicitFileType = wrapper.framework; includeInIndex = 0; path = Pods_StarWarsApp.framework; sourceTree = BUILT_PRODUCTS_DIR; };
		955F87D0959A5D45618EF8E5 /* Pods-StarWarsApp.release.xcconfig */ = {isa = PBXFileReference; includeInIndex = 1; lastKnownFileType = text.xcconfig; name = "Pods-StarWarsApp.release.xcconfig"; path = "Pods/Target Support Files/Pods-StarWarsApp/Pods-StarWarsApp.release.xcconfig"; sourceTree = "<group>"; };
		A9126F0C21D8E30E008403E5 /* FilmsViewController.swift */ = {isa = PBXFileReference; lastKnownFileType = sourcecode.swift; path = FilmsViewController.swift; sourceTree = "<group>"; };
		A9126F0E21D8EEEB008403E5 /* FilmsTableViewCell.swift */ = {isa = PBXFileReference; lastKnownFileType = sourcecode.swift; path = FilmsTableViewCell.swift; sourceTree = "<group>"; };
		A9126F1021D91743008403E5 /* FilmsWebViewController.swift */ = {isa = PBXFileReference; lastKnownFileType = sourcecode.swift; path = FilmsWebViewController.swift; sourceTree = "<group>"; };
		A979D12B21D69FE3008B0C91 /* StarWarsApp.app */ = {isa = PBXFileReference; explicitFileType = wrapper.application; includeInIndex = 0; path = StarWarsApp.app; sourceTree = BUILT_PRODUCTS_DIR; };
		A979D12E21D69FE3008B0C91 /* AppDelegate.swift */ = {isa = PBXFileReference; lastKnownFileType = sourcecode.swift; path = AppDelegate.swift; sourceTree = "<group>"; };
		A979D13021D69FE3008B0C91 /* InitialViewController.swift */ = {isa = PBXFileReference; lastKnownFileType = sourcecode.swift; path = InitialViewController.swift; sourceTree = "<group>"; };
		A979D13321D69FE3008B0C91 /* Base */ = {isa = PBXFileReference; lastKnownFileType = file.storyboard; name = Base; path = Base.lproj/Main.storyboard; sourceTree = "<group>"; };
		A979D13521D69FE9008B0C91 /* Assets.xcassets */ = {isa = PBXFileReference; lastKnownFileType = folder.assetcatalog; path = Assets.xcassets; sourceTree = "<group>"; };
		A979D13821D69FE9008B0C91 /* Base */ = {isa = PBXFileReference; lastKnownFileType = file.storyboard; name = Base; path = Base.lproj/LaunchScreen.storyboard; sourceTree = "<group>"; };
		A979D13A21D69FE9008B0C91 /* Info.plist */ = {isa = PBXFileReference; lastKnownFileType = text.plist.xml; path = Info.plist; sourceTree = "<group>"; };
		A9D6BD8C21D6A77D00C08CC7 /* WebServiceManager.swift */ = {isa = PBXFileReference; lastKnownFileType = sourcecode.swift; path = WebServiceManager.swift; sourceTree = "<group>"; };
		A9D6BD8F21D6AB2600C08CC7 /* WebServiceRouter.swift */ = {isa = PBXFileReference; lastKnownFileType = sourcecode.swift; path = WebServiceRouter.swift; sourceTree = "<group>"; };
		A9D6BD9121D6C11300C08CC7 /* TypeRequests.swift */ = {isa = PBXFileReference; lastKnownFileType = sourcecode.swift; path = TypeRequests.swift; sourceTree = "<group>"; };
		A9E8639C21D8325B00FC63D3 /* DetailViewController.swift */ = {isa = PBXFileReference; lastKnownFileType = sourcecode.swift; path = DetailViewController.swift; sourceTree = "<group>"; };
		A9FA983421D78266000BA3BB /* LoadingViewController.swift */ = {isa = PBXFileReference; lastKnownFileType = sourcecode.swift; path = LoadingViewController.swift; sourceTree = "<group>"; };
		FF0BE2245EDBE6AFD02E8320 /* Pods-StarWarsApp.debug.xcconfig */ = {isa = PBXFileReference; includeInIndex = 1; lastKnownFileType = text.xcconfig; name = "Pods-StarWarsApp.debug.xcconfig"; path = "Pods/Target Support Files/Pods-StarWarsApp/Pods-StarWarsApp.debug.xcconfig"; sourceTree = "<group>"; };
/* End PBXFileReference section */

/* Begin PBXFrameworksBuildPhase section */
		A979D12821D69FE3008B0C91 /* Frameworks */ = {
			isa = PBXFrameworksBuildPhase;
			buildActionMask = 2147483647;
			files = (
				3AA268C2AFB1422515828480 /* Pods_StarWarsApp.framework in Frameworks */,
			);
			runOnlyForDeploymentPostprocessing = 0;
		};
/* End PBXFrameworksBuildPhase section */

/* Begin PBXGroup section */
		40E2C6DEF45603A34A409AA2 /* Pods */ = {
			isa = PBXGroup;
			children = (
				FF0BE2245EDBE6AFD02E8320 /* Pods-StarWarsApp.debug.xcconfig */,
				955F87D0959A5D45618EF8E5 /* Pods-StarWarsApp.release.xcconfig */,
			);
			name = Pods;
			sourceTree = "<group>";
		};
		607A7ADAA01F259064EA7DFA /* Frameworks */ = {
			isa = PBXGroup;
			children = (
				0F600662913D886B9B79BF26 /* Pods_StarWarsApp.framework */,
			);
			name = Frameworks;
			sourceTree = "<group>";
		};
		A979D12221D69FE3008B0C91 = {
			isa = PBXGroup;
			children = (
				A979D12D21D69FE3008B0C91 /* StarWarsApp */,
				A979D12C21D69FE3008B0C91 /* Products */,
				40E2C6DEF45603A34A409AA2 /* Pods */,
				607A7ADAA01F259064EA7DFA /* Frameworks */,
			);
			sourceTree = "<group>";
		};
		A979D12C21D69FE3008B0C91 /* Products */ = {
			isa = PBXGroup;
			children = (
				A979D12B21D69FE3008B0C91 /* StarWarsApp.app */,
			);
			name = Products;
			sourceTree = "<group>";
		};
		A979D12D21D69FE3008B0C91 /* StarWarsApp */ = {
			isa = PBXGroup;
			children = (
				A979D12E21D69FE3008B0C91 /* AppDelegate.swift */,
				A9FA983421D78266000BA3BB /* LoadingViewController.swift */,
				A979D13021D69FE3008B0C91 /* InitialViewController.swift */,
				A9E8639C21D8325B00FC63D3 /* DetailViewController.swift */,
				A9126F0C21D8E30E008403E5 /* FilmsViewController.swift */,
				A9126F1021D91743008403E5 /* FilmsWebViewController.swift */,
				A9126F0E21D8EEEB008403E5 /* FilmsTableViewCell.swift */,
				A9D6BD8C21D6A77D00C08CC7 /* WebServiceManager.swift */,
				A9D6BD8F21D6AB2600C08CC7 /* WebServiceRouter.swift */,
				A9D6BD9121D6C11300C08CC7 /* TypeRequests.swift */,
				A979D13221D69FE3008B0C91 /* Main.storyboard */,
				A979D13521D69FE9008B0C91 /* Assets.xcassets */,
				A979D13721D69FE9008B0C91 /* LaunchScreen.storyboard */,
				A979D13A21D69FE9008B0C91 /* Info.plist */,
			);
			path = StarWarsApp;
			sourceTree = "<group>";
		};
/* End PBXGroup section */

/* Begin PBXNativeTarget section */
		A979D12A21D69FE3008B0C91 /* StarWarsApp */ = {
			isa = PBXNativeTarget;
			buildConfigurationList = A979D13D21D69FE9008B0C91 /* Build configuration list for PBXNativeTarget "StarWarsApp" */;
			buildPhases = (
				E2653572133BA90BFBD0289A /* [CP] Check Pods Manifest.lock */,
				A979D12721D69FE3008B0C91 /* Sources */,
				A979D12821D69FE3008B0C91 /* Frameworks */,
				A979D12921D69FE3008B0C91 /* Resources */,
				194B1DAAF1601B1C2B2C2B52 /* [CP] Embed Pods Frameworks */,
			);
			buildRules = (
			);
			dependencies = (
			);
			name = StarWarsApp;
			productName = StarWarsApp;
			productReference = A979D12B21D69FE3008B0C91 /* StarWarsApp.app */;
			productType = "com.apple.product-type.application";
		};
/* End PBXNativeTarget section */

/* Begin PBXProject section */
		A979D12321D69FE3008B0C91 /* Project object */ = {
			isa = PBXProject;
			attributes = {
				LastSwiftUpdateCheck = 1010;
				LastUpgradeCheck = 1010;
				ORGANIZATIONNAME = "David López";
				TargetAttributes = {
					A979D12A21D69FE3008B0C91 = {
						CreatedOnToolsVersion = 10.1;
					};
				};
			};
			buildConfigurationList = A979D12621D69FE3008B0C91 /* Build configuration list for PBXProject "StarWarsApp" */;
			compatibilityVersion = "Xcode 9.3";
			developmentRegion = en;
			hasScannedForEncodings = 0;
			knownRegions = (
				en,
				Base,
			);
			mainGroup = A979D12221D69FE3008B0C91;
			productRefGroup = A979D12C21D69FE3008B0C91 /* Products */;
			projectDirPath = "";
			projectRoot = "";
			targets = (
				A979D12A21D69FE3008B0C91 /* StarWarsApp */,
			);
		};
/* End PBXProject section */

/* Begin PBXResourcesBuildPhase section */
		A979D12921D69FE3008B0C91 /* Resources */ = {
			isa = PBXResourcesBuildPhase;
			buildActionMask = 2147483647;
			files = (
				A979D13921D69FE9008B0C91 /* LaunchScreen.storyboard in Resources */,
				A979D13621D69FE9008B0C91 /* Assets.xcassets in Resources */,
				A979D13421D69FE3008B0C91 /* Main.storyboard in Resources */,
			);
			runOnlyForDeploymentPostprocessing = 0;
		};
/* End PBXResourcesBuildPhase section */

/* Begin PBXShellScriptBuildPhase section */
		194B1DAAF1601B1C2B2C2B52 /* [CP] Embed Pods Frameworks */ = {
			isa = PBXShellScriptBuildPhase;
			buildActionMask = 2147483647;
			files = (
			);
			inputFileListPaths = (
			);
			inputPaths = (
				"${SRCROOT}/Pods/Target Support Files/Pods-StarWarsApp/Pods-StarWarsApp-frameworks.sh",
				"${BUILT_PRODUCTS_DIR}/Alamofire/Alamofire.framework",
			);
			name = "[CP] Embed Pods Frameworks";
			outputFileListPaths = (
			);
			outputPaths = (
				"${TARGET_BUILD_DIR}/${FRAMEWORKS_FOLDER_PATH}/Alamofire.framework",
			);
			runOnlyForDeploymentPostprocessing = 0;
			shellPath = /bin/sh;
			shellScript = "\"${SRCROOT}/Pods/Target Support Files/Pods-StarWarsApp/Pods-StarWarsApp-frameworks.sh\"\n";
			showEnvVarsInLog = 0;
		};
		E2653572133BA90BFBD0289A /* [CP] Check Pods Manifest.lock */ = {
			isa = PBXShellScriptBuildPhase;
			buildActionMask = 2147483647;
			files = (
			);
			inputFileListPaths = (
			);
			inputPaths = (
				"${PODS_PODFILE_DIR_PATH}/Podfile.lock",
				"${PODS_ROOT}/Manifest.lock",
			);
			name = "[CP] Check Pods Manifest.lock";
			outputFileListPaths = (
			);
			outputPaths = (
				"$(DERIVED_FILE_DIR)/Pods-StarWarsApp-checkManifestLockResult.txt",
			);
			runOnlyForDeploymentPostprocessing = 0;
			shellPath = /bin/sh;
			shellScript = "diff \"${PODS_PODFILE_DIR_PATH}/Podfile.lock\" \"${PODS_ROOT}/Manifest.lock\" > /dev/null\nif [ $? != 0 ] ; then\n    # print error to STDERR\n    echo \"error: The sandbox is not in sync with the Podfile.lock. Run 'pod install' or update your CocoaPods installation.\" >&2\n    exit 1\nfi\n# This output is used by Xcode 'outputs' to avoid re-running this script phase.\necho \"SUCCESS\" > \"${SCRIPT_OUTPUT_FILE_0}\"\n";
			showEnvVarsInLog = 0;
		};
/* End PBXShellScriptBuildPhase section */

/* Begin PBXSourcesBuildPhase section */
		A979D12721D69FE3008B0C91 /* Sources */ = {
			isa = PBXSourcesBuildPhase;
			buildActionMask = 2147483647;
			files = (
				A979D13121D69FE3008B0C91 /* InitialViewController.swift in Sources */,
				A9D6BD9021D6AB2600C08CC7 /* WebServiceRouter.swift in Sources */,
				A9D6BD9221D6C11300C08CC7 /* TypeRequests.swift in Sources */,
				A9126F1121D91743008403E5 /* FilmsWebViewController.swift in Sources */,
				A979D12F21D69FE3008B0C91 /* AppDelegate.swift in Sources */,
				A9D6BD8D21D6A77D00C08CC7 /* WebServiceManager.swift in Sources */,
				A9FA983521D78266000BA3BB /* LoadingViewController.swift in Sources */,
				A9126F0D21D8E30E008403E5 /* FilmsViewController.swift in Sources */,
				A9126F0F21D8EEEB008403E5 /* FilmsTableViewCell.swift in Sources */,
				A9E8639D21D8325B00FC63D3 /* DetailViewController.swift in Sources */,
			);
			runOnlyForDeploymentPostprocessing = 0;
		};
/* End PBXSourcesBuildPhase section */

/* Begin PBXVariantGroup section */
		A979D13221D69FE3008B0C91 /* Main.storyboard */ = {
			isa = PBXVariantGroup;
			children = (
				A979D13321D69FE3008B0C91 /* Base */,
			);
			name = Main.storyboard;
			sourceTree = "<group>";
		};
		A979D13721D69FE9008B0C91 /* LaunchScreen.storyboard */ = {
			isa = PBXVariantGroup;
			children = (
				A979D13821D69FE9008B0C91 /* Base */,
			);
			name = LaunchScreen.storyboard;
			sourceTree = "<group>";
		};
/* End PBXVariantGroup section */

/* Begin XCBuildConfiguration section */
		A979D13B21D69FE9008B0C91 /* Debug */ = {
			isa = XCBuildConfiguration;
			buildSettings = {
				ALWAYS_SEARCH_USER_PATHS = NO;
				CLANG_ANALYZER_NONNULL = YES;
				CLANG_ANALYZER_NUMBER_OBJECT_CONVERSION = YES_AGGRESSIVE;
				CLANG_CXX_LANGUAGE_STANDARD = "gnu++14";
				CLANG_CXX_LIBRARY = "libc++";
				CLANG_ENABLE_MODULES = YES;
				CLANG_ENABLE_OBJC_ARC = YES;
				CLANG_ENABLE_OBJC_WEAK = YES;
				CLANG_WARN_BLOCK_CAPTURE_AUTORELEASING = YES;
				CLANG_WARN_BOOL_CONVERSION = YES;
				CLANG_WARN_COMMA = YES;
				CLANG_WARN_CONSTANT_CONVERSION = YES;
				CLANG_WARN_DEPRECATED_OBJC_IMPLEMENTATIONS = YES;
				CLANG_WARN_DIRECT_OBJC_ISA_USAGE = YES_ERROR;
				CLANG_WARN_DOCUMENTATION_COMMENTS = YES;
				CLANG_WARN_EMPTY_BODY = YES;
				CLANG_WARN_ENUM_CONVERSION = YES;
				CLANG_WARN_INFINITE_RECURSION = YES;
				CLANG_WARN_INT_CONVERSION = YES;
				CLANG_WARN_NON_LITERAL_NULL_CONVERSION = YES;
				CLANG_WARN_OBJC_IMPLICIT_RETAIN_SELF = YES;
				CLANG_WARN_OBJC_LITERAL_CONVERSION = YES;
				CLANG_WARN_OBJC_ROOT_CLASS = YES_ERROR;
				CLANG_WARN_RANGE_LOOP_ANALYSIS = YES;
				CLANG_WARN_STRICT_PROTOTYPES = YES;
				CLANG_WARN_SUSPICIOUS_MOVE = YES;
				CLANG_WARN_UNGUARDED_AVAILABILITY = YES_AGGRESSIVE;
				CLANG_WARN_UNREACHABLE_CODE = YES;
				CLANG_WARN__DUPLICATE_METHOD_MATCH = YES;
				CODE_SIGN_IDENTITY = "iPhone Developer";
				COPY_PHASE_STRIP = NO;
				DEBUG_INFORMATION_FORMAT = dwarf;
				ENABLE_STRICT_OBJC_MSGSEND = YES;
				ENABLE_TESTABILITY = YES;
				GCC_C_LANGUAGE_STANDARD = gnu11;
				GCC_DYNAMIC_NO_PIC = NO;
				GCC_NO_COMMON_BLOCKS = YES;
				GCC_OPTIMIZATION_LEVEL = 0;
				GCC_PREPROCESSOR_DEFINITIONS = (
					"DEBUG=1",
					"$(inherited)",
				);
				GCC_WARN_64_TO_32_BIT_CONVERSION = YES;
				GCC_WARN_ABOUT_RETURN_TYPE = YES_ERROR;
				GCC_WARN_UNDECLARED_SELECTOR = YES;
				GCC_WARN_UNINITIALIZED_AUTOS = YES_AGGRESSIVE;
				GCC_WARN_UNUSED_FUNCTION = YES;
				GCC_WARN_UNUSED_VARIABLE = YES;
				IPHONEOS_DEPLOYMENT_TARGET = 12.0;
				MTL_ENABLE_DEBUG_INFO = INCLUDE_SOURCE;
				MTL_FAST_MATH = YES;
				ONLY_ACTIVE_ARCH = YES;
				SDKROOT = iphoneos;
				SWIFT_ACTIVE_COMPILATION_CONDITIONS = DEBUG;
				SWIFT_OPTIMIZATION_LEVEL = "-Onone";
			};
			name = Debug;
		};
		A979D13C21D69FE9008B0C91 /* Release */ = {
			isa = XCBuildConfiguration;
			buildSettings = {
				ALWAYS_SEARCH_USER_PATHS = NO;
				CLANG_ANALYZER_NONNULL = YES;
				CLANG_ANALYZER_NUMBER_OBJECT_CONVERSION = YES_AGGRESSIVE;
				CLANG_CXX_LANGUAGE_STANDARD = "gnu++14";
				CLANG_CXX_LIBRARY = "libc++";
				CLANG_ENABLE_MODULES = YES;
				CLANG_ENABLE_OBJC_ARC = YES;
				CLANG_ENABLE_OBJC_WEAK = YES;
				CLANG_WARN_BLOCK_CAPTURE_AUTORELEASING = YES;
				CLANG_WARN_BOOL_CONVERSION = YES;
				CLANG_WARN_COMMA = YES;
				CLANG_WARN_CONSTANT_CONVERSION = YES;
				CLANG_WARN_DEPRECATED_OBJC_IMPLEMENTATIONS = YES;
				CLANG_WARN_DIRECT_OBJC_ISA_USAGE = YES_ERROR;
				CLANG_WARN_DOCUMENTATION_COMMENTS = YES;
				CLANG_WARN_EMPTY_BODY = YES;
				CLANG_WARN_ENUM_CONVERSION = YES;
				CLANG_WARN_INFINITE_RECURSION = YES;
				CLANG_WARN_INT_CONVERSION = YES;
				CLANG_WARN_NON_LITERAL_NULL_CONVERSION = YES;
				CLANG_WARN_OBJC_IMPLICIT_RETAIN_SELF = YES;
				CLANG_WARN_OBJC_LITERAL_CONVERSION = YES;
				CLANG_WARN_OBJC_ROOT_CLASS = YES_ERROR;
				CLANG_WARN_RANGE_LOOP_ANALYSIS = YES;
				CLANG_WARN_STRICT_PROTOTYPES = YES;
				CLANG_WARN_SUSPICIOUS_MOVE = YES;
				CLANG_WARN_UNGUARDED_AVAILABILITY = YES_AGGRESSIVE;
				CLANG_WARN_UNREACHABLE_CODE = YES;
				CLANG_WARN__DUPLICATE_METHOD_MATCH = YES;
				CODE_SIGN_IDENTITY = "iPhone Developer";
				COPY_PHASE_STRIP = NO;
				DEBUG_INFORMATION_FORMAT = "dwarf-with-dsym";
				ENABLE_NS_ASSERTIONS = NO;
				ENABLE_STRICT_OBJC_MSGSEND = YES;
				GCC_C_LANGUAGE_STANDARD = gnu11;
				GCC_NO_COMMON_BLOCKS = YES;
				GCC_WARN_64_TO_32_BIT_CONVERSION = YES;
				GCC_WARN_ABOUT_RETURN_TYPE = YES_ERROR;
				GCC_WARN_UNDECLARED_SELECTOR = YES;
				GCC_WARN_UNINITIALIZED_AUTOS = YES_AGGRESSIVE;
				GCC_WARN_UNUSED_FUNCTION = YES;
				GCC_WARN_UNUSED_VARIABLE = YES;
				IPHONEOS_DEPLOYMENT_TARGET = 12.0;
				MTL_ENABLE_DEBUG_INFO = NO;
				MTL_FAST_MATH = YES;
				SDKROOT = iphoneos;
				SWIFT_COMPILATION_MODE = wholemodule;
				SWIFT_OPTIMIZATION_LEVEL = "-O";
				VALIDATE_PRODUCT = YES;
			};
			name = Release;
		};
		A979D13E21D69FE9008B0C91 /* Debug */ = {
			isa = XCBuildConfiguration;
			baseConfigurationReference = FF0BE2245EDBE6AFD02E8320 /* Pods-StarWarsApp.debug.xcconfig */;
			buildSettings = {
				ASSETCATALOG_COMPILER_APPICON_NAME = AppIcon;
				CODE_SIGN_STYLE = Automatic;
				DEVELOPMENT_TEAM = L5E8N5HL7J;
				INFOPLIST_FILE = StarWarsApp/Info.plist;
				IPHONEOS_DEPLOYMENT_TARGET = 12.0;
				LD_RUNPATH_SEARCH_PATHS = (
					"$(inherited)",
					"@executable_path/Frameworks",
				);
				PRODUCT_BUNDLE_IDENTIFIER = "David-Lopez.StarWarsApp";
				PRODUCT_NAME = "$(TARGET_NAME)";
				SWIFT_VERSION = 4.2;
				TARGETED_DEVICE_FAMILY = "1,2";
			};
			name = Debug;
		};
		A979D13F21D69FE9008B0C91 /* Release */ = {
			isa = XCBuildConfiguration;
			baseConfigurationReference = 955F87D0959A5D45618EF8E5 /* Pods-StarWarsApp.release.xcconfig */;
			buildSettings = {
				ASSETCATALOG_COMPILER_APPICON_NAME = AppIcon;
				CODE_SIGN_STYLE = Automatic;
				DEVELOPMENT_TEAM = L5E8N5HL7J;
				INFOPLIST_FILE = StarWarsApp/Info.plist;
				IPHONEOS_DEPLOYMENT_TARGET = 12.0;
				LD_RUNPATH_SEARCH_PATHS = (
					"$(inherited)",
					"@executable_path/Frameworks",
				);
				PRODUCT_BUNDLE_IDENTIFIER = "David-Lopez.StarWarsApp";
				PRODUCT_NAME = "$(TARGET_NAME)";
				SWIFT_VERSION = 4.2;
				TARGETED_DEVICE_FAMILY = "1,2";
			};
			name = Release;
		};
/* End XCBuildConfiguration section */

/* Begin XCConfigurationList section */
		A979D12621D69FE3008B0C91 /* Build configuration list for PBXProject "StarWarsApp" */ = {
			isa = XCConfigurationList;
			buildConfigurations = (
				A979D13B21D69FE9008B0C91 /* Debug */,
				A979D13C21D69FE9008B0C91 /* Release */,
			);
			defaultConfigurationIsVisible = 0;
			defaultConfigurationName = Release;
		};
		A979D13D21D69FE9008B0C91 /* Build configuration list for PBXNativeTarget "StarWarsApp" */ = {
			isa = XCConfigurationList;
			buildConfigurations = (
				A979D13E21D69FE9008B0C91 /* Debug */,
				A979D13F21D69FE9008B0C91 /* Release */,
			);
			defaultConfigurationIsVisible = 0;
			defaultConfigurationName = Release;
		};
/* End XCConfigurationList section */
	};
	rootObject = A979D12321D69FE3008B0C91 /* Project object */;
}
